
Microsoft Visual Studio Solution File, Format Version 12.00
# Visual Studio Version 16
VisualStudioVersion = 16.0.33423.256
MinimumVisualStudioVersion = 10.0.40219.1
Project("{9A19103F-16F7-4668-BE54-9A1E7A4F7556}") = "LU2WebApi", "LU2WebApi.csproj", "{5FF2EE64-6ABA-49A4-9D73-0CE253F471B2}"
EndProject
Global
	GlobalSection(SolutionConfigurationPlatforms) = preSolution
		Debug|Any CPU = Debug|Any CPU
		Release|Any CPU = Release|Any CPU
	EndGlobalSection
	GlobalSection(ProjectConfigurationPlatforms) = postSolution
		{5FF2EE64-6ABA-49A4-9D73-0CE253F471B2}.Debug|Any CPU.ActiveCfg = Debug|Any CPU
		{5FF2EE64-6ABA-49A4-9D73-0CE253F471B2}.Debug|Any CPU.Build.0 = Debug|Any CPU
		{5FF2EE64-6ABA-49A4-9D73-0CE253F471B2}.Release|Any CPU.ActiveCfg = Release|Any CPU
		{5FF2EE64-6ABA-49A4-9D73-0CE253F471B2}.Release|Any CPU.Build.0 = Release|Any CPU
	EndGlobalSection
	GlobalSection(SolutionProperties) = preSolution
		HideSolutionNode = FALSE
	EndGlobalSection
	GlobalSection(ExtensibilityGlobals) = postSolution
		SolutionGuid = {5971992D-04F3-4E51-B296-E2C412EA9184}
	EndGlobalSection
EndGlobal
